
Microsoft Visual Studio Solution File, Format Version 12.00
# Visual Studio Version 17
VisualStudioVersion = 17.3.32929.385
MinimumVisualStudioVersion = 10.0.40219.1
Project("{FAE04EC0-301F-11D3-BF4B-00C04F79EFBC}") = "BallGameWFA", "BallGameWFA\BallGameWFA.csproj", "{54B16EF2-7BC6-4957-B4A8-6A09C51506E8}"
EndProject
Global
	GlobalSection(SolutionConfigurationPlatforms) = preSolution
		Debug|Any CPU = Debug|Any CPU
		Release|Any CPU = Release|Any CPU
	EndGlobalSection
	GlobalSection(ProjectConfigurationPlatforms) = postSolution
		{54B16EF2-7BC6-4957-B4A8-6A09C51506E8}.Debug|Any CPU.ActiveCfg = Debug|Any CPU
		{54B16EF2-7BC6-4957-B4A8-6A09C51506E8}.Debug|Any CPU.Build.0 = Debug|Any CPU
		{54B16EF2-7BC6-4957-B4A8-6A09C51506E8}.Release|Any CPU.ActiveCfg = Release|Any CPU
		{54B16EF2-7BC6-4957-B4A8-6A09C51506E8}.Release|Any CPU.Build.0 = Release|Any CPU
	EndGlobalSection
	GlobalSection(SolutionProperties) = preSolution
		HideSolutionNode = FALSE
	EndGlobalSection
	GlobalSection(ExtensibilityGlobals) = postSolution
		SolutionGuid = {84C27084-3F8F-4394-B8F5-7B33D83E0735}
	EndGlobalSection
EndGlobal
